
Microsoft Visual Studio Solution File, Format Version 12.00
# Visual Studio Version 17
VisualStudioVersion = 17.10.35122.118
MinimumVisualStudioVersion = 10.0.40219.1
Project("{FAE04EC0-301F-11D3-BF4B-00C04F79EFBC}") = "Variables", "Variables\Variables.csproj", "{3C2092B8-BDBE-44C4-BE9F-E45A10527C1B}"
EndProject
Project("{FAE04EC0-301F-11D3-BF4B-00C04F79EFBC}") = "DataTypes", "DataTypes\DataTypes.csproj", "{73FE2FFC-403E-45C9-8F85-82F862046412}"
EndProject
Global
	GlobalSection(SolutionConfigurationPlatforms) = preSolution
		Debug|Any CPU = Debug|Any CPU
		Release|Any CPU = Release|Any CPU
	EndGlobalSection
	GlobalSection(ProjectConfigurationPlatforms) = postSolution
		{3C2092B8-BDBE-44C4-BE9F-E45A10527C1B}.Debug|Any CPU.ActiveCfg = Debug|Any CPU
		{3C2092B8-BDBE-44C4-BE9F-E45A10527C1B}.Debug|Any CPU.Build.0 = Debug|Any CPU
		{3C2092B8-BDBE-44C4-BE9F-E45A10527C1B}.Release|Any CPU.ActiveCfg = Release|Any CPU
		{3C2092B8-BDBE-44C4-BE9F-E45A10527C1B}.Release|Any CPU.Build.0 = Release|Any CPU
		{73FE2FFC-403E-45C9-8F85-82F862046412}.Debug|Any CPU.ActiveCfg = Debug|Any CPU
		{73FE2FFC-403E-45C9-8F85-82F862046412}.Debug|Any CPU.Build.0 = Debug|Any CPU
		{73FE2FFC-403E-45C9-8F85-82F862046412}.Release|Any CPU.ActiveCfg = Release|Any CPU
		{73FE2FFC-403E-45C9-8F85-82F862046412}.Release|Any CPU.Build.0 = Release|Any CPU
	EndGlobalSection
	GlobalSection(SolutionProperties) = preSolution
		HideSolutionNode = FALSE
	EndGlobalSection
	GlobalSection(ExtensibilityGlobals) = postSolution
		SolutionGuid = {D50BB908-B923-4719-9B8D-775999E1CECA}
	EndGlobalSection
EndGlobal
