
Microsoft Visual Studio Solution File, Format Version 12.00
# Visual Studio Version 17
VisualStudioVersion = 17.10.35122.118
MinimumVisualStudioVersion = 10.0.40219.1
Project("{FAE04EC0-301F-11D3-BF4B-00C04F79EFBC}") = "HelloWorld", "HelloWorld\HelloWorld.csproj", "{0BCABE34-A453-4EA9-94E1-F7762925E2A4}"
EndProject
Project("{FAE04EC0-301F-11D3-BF4B-00C04F79EFBC}") = "InputOutput", "InputOutput\InputOutput.csproj", "{26625D15-F5C0-4F8A-8566-DFD865C4F379}"
EndProject
Global
	GlobalSection(SolutionConfigurationPlatforms) = preSolution
		Debug|Any CPU = Debug|Any CPU
		Release|Any CPU = Release|Any CPU
	EndGlobalSection
	GlobalSection(ProjectConfigurationPlatforms) = postSolution
		{0BCABE34-A453-4EA9-94E1-F7762925E2A4}.Debug|Any CPU.ActiveCfg = Debug|Any CPU
		{0BCABE34-A453-4EA9-94E1-F7762925E2A4}.Debug|Any CPU.Build.0 = Debug|Any CPU
		{0BCABE34-A453-4EA9-94E1-F7762925E2A4}.Release|Any CPU.ActiveCfg = Release|Any CPU
		{0BCABE34-A453-4EA9-94E1-F7762925E2A4}.Release|Any CPU.Build.0 = Release|Any CPU
		{26625D15-F5C0-4F8A-8566-DFD865C4F379}.Debug|Any CPU.ActiveCfg = Debug|Any CPU
		{26625D15-F5C0-4F8A-8566-DFD865C4F379}.Debug|Any CPU.Build.0 = Debug|Any CPU
		{26625D15-F5C0-4F8A-8566-DFD865C4F379}.Release|Any CPU.ActiveCfg = Release|Any CPU
		{26625D15-F5C0-4F8A-8566-DFD865C4F379}.Release|Any CPU.Build.0 = Release|Any CPU
	EndGlobalSection
	GlobalSection(SolutionProperties) = preSolution
		HideSolutionNode = FALSE
	EndGlobalSection
	GlobalSection(ExtensibilityGlobals) = postSolution
		SolutionGuid = {AA46AB9A-4710-4076-9487-37A6B6FDD309}
	EndGlobalSection
EndGlobal
